
Microsoft Visual Studio Solution File, Format Version 12.00
# Visual Studio 15
VisualStudioVersion = 15.0.27130.0
MinimumVisualStudioVersion = 10.0.40219.1
Project("{9A19103F-16F7-4668-BE54-9A1E7A4F7556}") = "Hack2017", "Hack2017\Hack2017.csproj", "{0496A742-E4B9-41E9-BF41-5D408569BE26}"
EndProject
Global
	GlobalSection(SolutionConfigurationPlatforms) = preSolution
		Debug|Any CPU = Debug|Any CPU
		Release|Any CPU = Release|Any CPU
	EndGlobalSection
	GlobalSection(ProjectConfigurationPlatforms) = postSolution
		{0496A742-E4B9-41E9-BF41-5D408569BE26}.Debug|Any CPU.ActiveCfg = Debug|Any CPU
		{0496A742-E4B9-41E9-BF41-5D408569BE26}.Debug|Any CPU.Build.0 = Debug|Any CPU
		{0496A742-E4B9-41E9-BF41-5D408569BE26}.Release|Any CPU.ActiveCfg = Release|Any CPU
		{0496A742-E4B9-41E9-BF41-5D408569BE26}.Release|Any CPU.Build.0 = Release|Any CPU
	EndGlobalSection
	GlobalSection(SolutionProperties) = preSolution
		HideSolutionNode = FALSE
	EndGlobalSection
	GlobalSection(ExtensibilityGlobals) = postSolution
		SolutionGuid = {75803C8C-03A3-4786-8474-FF0A866FA6AC}
	EndGlobalSection
EndGlobal
