
Microsoft Visual Studio Solution File, Format Version 12.00
# Visual Studio 2012
Project("{FAE04EC0-301F-11D3-BF4B-00C04F79EFBC}") = "Hack_2017.App", "Hack_2017.App\Hack_2017.App.csproj", "{09AAC83B-6B63-4B13-B087-5175C308D2B9}"
EndProject
Global
	GlobalSection(SolutionConfigurationPlatforms) = preSolution
		Debug|Any CPU = Debug|Any CPU
		Release|Any CPU = Release|Any CPU
	EndGlobalSection
	GlobalSection(ProjectConfigurationPlatforms) = postSolution
		{09AAC83B-6B63-4B13-B087-5175C308D2B9}.Debug|Any CPU.ActiveCfg = Debug|Any CPU
		{09AAC83B-6B63-4B13-B087-5175C308D2B9}.Debug|Any CPU.Build.0 = Debug|Any CPU
		{09AAC83B-6B63-4B13-B087-5175C308D2B9}.Release|Any CPU.ActiveCfg = Release|Any CPU
		{09AAC83B-6B63-4B13-B087-5175C308D2B9}.Release|Any CPU.Build.0 = Release|Any CPU
	EndGlobalSection
EndGlobal
